
Microsoft Visual Studio Solution File, Format Version 12.00
# Visual Studio Version 16
VisualStudioVersion = 16.0.30503.244
MinimumVisualStudioVersion = 10.0.40219.1
Project("{FAE04EC0-301F-11D3-BF4B-00C04F79EFBC}") = "Test1", "Test1\Test1.csproj", "{679CAD80-1A47-4088-A1AD-DCAEC6CD2911}"
EndProject
Project("{FAE04EC0-301F-11D3-BF4B-00C04F79EFBC}") = "Test2", "Test2\Test2.csproj", "{973A3FEC-3898-4733-B19D-176AFA6CEC38}"
EndProject
Global
	GlobalSection(SolutionConfigurationPlatforms) = preSolution
		Debug|Any CPU = Debug|Any CPU
		Release|Any CPU = Release|Any CPU
	EndGlobalSection
	GlobalSection(ProjectConfigurationPlatforms) = postSolution
		{679CAD80-1A47-4088-A1AD-DCAEC6CD2911}.Debug|Any CPU.ActiveCfg = Debug|Any CPU
		{679CAD80-1A47-4088-A1AD-DCAEC6CD2911}.Debug|Any CPU.Build.0 = Debug|Any CPU
		{679CAD80-1A47-4088-A1AD-DCAEC6CD2911}.Release|Any CPU.ActiveCfg = Release|Any CPU
		{679CAD80-1A47-4088-A1AD-DCAEC6CD2911}.Release|Any CPU.Build.0 = Release|Any CPU
		{973A3FEC-3898-4733-B19D-176AFA6CEC38}.Debug|Any CPU.ActiveCfg = Debug|Any CPU
		{973A3FEC-3898-4733-B19D-176AFA6CEC38}.Debug|Any CPU.Build.0 = Debug|Any CPU
		{973A3FEC-3898-4733-B19D-176AFA6CEC38}.Release|Any CPU.ActiveCfg = Release|Any CPU
		{973A3FEC-3898-4733-B19D-176AFA6CEC38}.Release|Any CPU.Build.0 = Release|Any CPU
	EndGlobalSection
	GlobalSection(SolutionProperties) = preSolution
		HideSolutionNode = FALSE
	EndGlobalSection
	GlobalSection(ExtensibilityGlobals) = postSolution
		SolutionGuid = {5B3BF82A-5DF5-44CF-B0BA-2F5E51F30586}
	EndGlobalSection
EndGlobal
